
Microsoft Visual Studio Solution File, Format Version 12.00
# Visual Studio 15
VisualStudioVersion = 15.0.27825.0
MinimumVisualStudioVersion = 10.0.40219.1
Project("{FAE04EC0-301F-11D3-BF4B-00C04F79EFBC}") = "NetCoreIncompatibleDemo", "NetCoreIncompatibleDemo\NetCoreIncompatibleDemo.csproj", "{4343EBA3-BDF6-4528-A529-D33061FA674B}"
EndProject
Global
	GlobalSection(SolutionConfigurationPlatforms) = preSolution
		Debug|Any CPU = Debug|Any CPU
		Release|Any CPU = Release|Any CPU
	EndGlobalSection
	GlobalSection(ProjectConfigurationPlatforms) = postSolution
		{4343EBA3-BDF6-4528-A529-D33061FA674B}.Debug|Any CPU.ActiveCfg = Debug|Any CPU
		{4343EBA3-BDF6-4528-A529-D33061FA674B}.Debug|Any CPU.Build.0 = Debug|Any CPU
		{4343EBA3-BDF6-4528-A529-D33061FA674B}.Release|Any CPU.ActiveCfg = Release|Any CPU
		{4343EBA3-BDF6-4528-A529-D33061FA674B}.Release|Any CPU.Build.0 = Release|Any CPU
	EndGlobalSection
	GlobalSection(SolutionProperties) = preSolution
		HideSolutionNode = FALSE
	EndGlobalSection
	GlobalSection(ExtensibilityGlobals) = postSolution
		SolutionGuid = {2016375C-CCBD-4C06-84F7-71B79DF481DE}
	EndGlobalSection
EndGlobal
